
Microsoft Visual Studio Solution File, Format Version 12.00
# Visual Studio Version 17
VisualStudioVersion = 17.14.36401.2
MinimumVisualStudioVersion = 10.0.40219.1
Project("{FAE04EC0-301F-11D3-BF4B-00C04F79EFBC}") = "People.Service", "GrpcTodo.Service\People.Service.csproj", "{67FD94CC-B882-459C-83BC-16E12A01472C}"
EndProject
Project("{FAE04EC0-301F-11D3-BF4B-00C04F79EFBC}") = "People.Winforms", "GrpcTodo.Winforms\People.Winforms.csproj", "{F37DC3BE-7F75-4C0C-99B5-EB286B63AB22}"
EndProject
Global
	GlobalSection(SolutionConfigurationPlatforms) = preSolution
		Debug|Any CPU = Debug|Any CPU
		Release|Any CPU = Release|Any CPU
	EndGlobalSection
	GlobalSection(ProjectConfigurationPlatforms) = postSolution
		{67FD94CC-B882-459C-83BC-16E12A01472C}.Debug|Any CPU.ActiveCfg = Debug|Any CPU
		{67FD94CC-B882-459C-83BC-16E12A01472C}.Debug|Any CPU.Build.0 = Debug|Any CPU
		{67FD94CC-B882-459C-83BC-16E12A01472C}.Release|Any CPU.ActiveCfg = Release|Any CPU
		{67FD94CC-B882-459C-83BC-16E12A01472C}.Release|Any CPU.Build.0 = Release|Any CPU
		{F37DC3BE-7F75-4C0C-99B5-EB286B63AB22}.Debug|Any CPU.ActiveCfg = Debug|Any CPU
		{F37DC3BE-7F75-4C0C-99B5-EB286B63AB22}.Debug|Any CPU.Build.0 = Debug|Any CPU
		{F37DC3BE-7F75-4C0C-99B5-EB286B63AB22}.Release|Any CPU.ActiveCfg = Release|Any CPU
		{F37DC3BE-7F75-4C0C-99B5-EB286B63AB22}.Release|Any CPU.Build.0 = Release|Any CPU
	EndGlobalSection
	GlobalSection(SolutionProperties) = preSolution
		HideSolutionNode = FALSE
	EndGlobalSection
	GlobalSection(ExtensibilityGlobals) = postSolution
		SolutionGuid = {208EE081-81B9-4A5E-8403-D964A37828B5}
	EndGlobalSection
EndGlobal
